
Microsoft Visual Studio Solution File, Format Version 12.00
# Visual Studio Version 17
VisualStudioVersion = 17.5.002.0
MinimumVisualStudioVersion = 10.0.40219.1
Project("{9A19103F-16F7-4668-BE54-9A1E7A4F7556}") = "reto3", "reto3.csproj", "{9022F70F-EC80-4EA9-A8BC-B2D8FDFBC00C}"
EndProject
Global
	GlobalSection(SolutionConfigurationPlatforms) = preSolution
		Debug|Any CPU = Debug|Any CPU
		Release|Any CPU = Release|Any CPU
	EndGlobalSection
	GlobalSection(ProjectConfigurationPlatforms) = postSolution
		{9022F70F-EC80-4EA9-A8BC-B2D8FDFBC00C}.Debug|Any CPU.ActiveCfg = Debug|Any CPU
		{9022F70F-EC80-4EA9-A8BC-B2D8FDFBC00C}.Debug|Any CPU.Build.0 = Debug|Any CPU
		{9022F70F-EC80-4EA9-A8BC-B2D8FDFBC00C}.Release|Any CPU.ActiveCfg = Release|Any CPU
		{9022F70F-EC80-4EA9-A8BC-B2D8FDFBC00C}.Release|Any CPU.Build.0 = Release|Any CPU
	EndGlobalSection
	GlobalSection(SolutionProperties) = preSolution
		HideSolutionNode = FALSE
	EndGlobalSection
	GlobalSection(ExtensibilityGlobals) = postSolution
		SolutionGuid = {05CD58FF-882C-46D5-9390-915FDF9BCD08}
	EndGlobalSection
EndGlobal
